
Microsoft Visual Studio Solution File, Format Version 12.00
# Visual Studio 2012
Project("{FAE04EC0-301F-11D3-BF4B-00C04F79EFBC}") = "bushcraftAPI", "bushcraftAPI.csproj", "{B1AE87AD-8489-49C8-AF37-D9A27E3CC272}"
EndProject
Global
	GlobalSection(SolutionConfigurationPlatforms) = preSolution
		Debug|Any CPU = Debug|Any CPU
		Release|Any CPU = Release|Any CPU
	EndGlobalSection
	GlobalSection(ProjectConfigurationPlatforms) = postSolution
		{B1AE87AD-8489-49C8-AF37-D9A27E3CC272}.Debug|Any CPU.ActiveCfg = Debug|Any CPU
		{B1AE87AD-8489-49C8-AF37-D9A27E3CC272}.Debug|Any CPU.Build.0 = Debug|Any CPU
		{B1AE87AD-8489-49C8-AF37-D9A27E3CC272}.Release|Any CPU.ActiveCfg = Release|Any CPU
		{B1AE87AD-8489-49C8-AF37-D9A27E3CC272}.Release|Any CPU.Build.0 = Release|Any CPU
	EndGlobalSection
EndGlobal
